
Microsoft Visual Studio Solution File, Format Version 12.00
# Visual Studio Version 16
VisualStudioVersion = 16.0.29209.62
MinimumVisualStudioVersion = 10.0.40219.1
Project("{FAE04EC0-301F-11D3-BF4B-00C04F79EFBC}") = "InterfacesDroid", "InterfacesDroid\InterfacesDroid\InterfacesDroid.csproj", "{CE015236-0E8D-4042-B596-6E20BD26E56E}"
EndProject
Project("{FAE04EC0-301F-11D3-BF4B-00C04F79EFBC}") = "InterfacesiOS", "InterfacesiOS\InterfacesiOS\InterfacesiOS.csproj", "{10919459-E353-4F0F-86CD-5E92CA2E6745}"
EndProject
Project("{FAE04EC0-301F-11D3-BF4B-00C04F79EFBC}") = "InterfacesUWP", "InterfacesUWP\InterfacesUWP\InterfacesUWP.csproj", "{4A105DE9-FB7D-446F-88B5-01338B38C920}"
EndProject
Project("{FAE04EC0-301F-11D3-BF4B-00C04F79EFBC}") = "ToolsUniversal", "ToolsUniversal\ToolsUniversal\ToolsUniversal.csproj", "{B04E5040-2DBB-4D91-A5C8-FA21841D6372}"
EndProject
Global
	GlobalSection(SolutionConfigurationPlatforms) = preSolution
		Debug (Android)|Any CPU = Debug (Android)|Any CPU
		Debug (Android)|ARM = Debug (Android)|ARM
		Debug (Android)|x64 = Debug (Android)|x64
		Debug (Android)|x86 = Debug (Android)|x86
		Debug|Any CPU = Debug|Any CPU
		Debug|ARM = Debug|ARM
		Debug|x64 = Debug|x64
		Debug|x86 = Debug|x86
		Release (Android)|Any CPU = Release (Android)|Any CPU
		Release (Android)|ARM = Release (Android)|ARM
		Release (Android)|x64 = Release (Android)|x64
		Release (Android)|x86 = Release (Android)|x86
		Release|Any CPU = Release|Any CPU
		Release|ARM = Release|ARM
		Release|x64 = Release|x64
		Release|x86 = Release|x86
	EndGlobalSection
	GlobalSection(ProjectConfigurationPlatforms) = postSolution
		{CE015236-0E8D-4042-B596-6E20BD26E56E}.Debug (Android)|Any CPU.ActiveCfg = Debug (Android)|Any CPU
		{CE015236-0E8D-4042-B596-6E20BD26E56E}.Debug (Android)|Any CPU.Build.0 = Debug (Android)|Any CPU
		{CE015236-0E8D-4042-B596-6E20BD26E56E}.Debug (Android)|ARM.ActiveCfg = Debug (Android)|Any CPU
		{CE015236-0E8D-4042-B596-6E20BD26E56E}.Debug (Android)|ARM.Build.0 = Debug (Android)|Any CPU
		{CE015236-0E8D-4042-B596-6E20BD26E56E}.Debug (Android)|x64.ActiveCfg = Debug (Android)|Any CPU
		{CE015236-0E8D-4042-B596-6E20BD26E56E}.Debug (Android)|x64.Build.0 = Debug (Android)|Any CPU
		{CE015236-0E8D-4042-B596-6E20BD26E56E}.Debug (Android)|x86.ActiveCfg = Debug (Android)|Any CPU
		{CE015236-0E8D-4042-B596-6E20BD26E56E}.Debug (Android)|x86.Build.0 = Debug (Android)|Any CPU
		{CE015236-0E8D-4042-B596-6E20BD26E56E}.Debug|Any CPU.ActiveCfg = Debug|Any CPU
		{CE015236-0E8D-4042-B596-6E20BD26E56E}.Debug|Any CPU.Build.0 = Debug|Any CPU
		{CE015236-0E8D-4042-B596-6E20BD26E56E}.Debug|ARM.ActiveCfg = Debug|Any CPU
		{CE015236-0E8D-4042-B596-6E20BD26E56E}.Debug|ARM.Build.0 = Debug|Any CPU
		{CE015236-0E8D-4042-B596-6E20BD26E56E}.Debug|x64.ActiveCfg = Debug|Any CPU
		{CE015236-0E8D-4042-B596-6E20BD26E56E}.Debug|x64.Build.0 = Debug|Any CPU
		{CE015236-0E8D-4042-B596-6E20BD26E56E}.Debug|x86.ActiveCfg = Debug|Any CPU
		{CE015236-0E8D-4042-B596-6E20BD26E56E}.Debug|x86.Build.0 = Debug|Any CPU
		{CE015236-0E8D-4042-B596-6E20BD26E56E}.Release (Android)|Any CPU.ActiveCfg = Release (Android)|Any CPU
		{CE015236-0E8D-4042-B596-6E20BD26E56E}.Release (Android)|Any CPU.Build.0 = Release (Android)|Any CPU
		{CE015236-0E8D-4042-B596-6E20BD26E56E}.Release (Android)|ARM.ActiveCfg = Release (Android)|Any CPU
		{CE015236-0E8D-4042-B596-6E20BD26E56E}.Release (Android)|ARM.Build.0 = Release (Android)|Any CPU
		{CE015236-0E8D-4042-B596-6E20BD26E56E}.Release (Android)|x64.ActiveCfg = Release (Android)|Any CPU
		{CE015236-0E8D-4042-B596-6E20BD26E56E}.Release (Android)|x64.Build.0 = Release (Android)|Any CPU
		{CE015236-0E8D-4042-B596-6E20BD26E56E}.Release (Android)|x86.ActiveCfg = Release (Android)|Any CPU
		{CE015236-0E8D-4042-B596-6E20BD26E56E}.Release (Android)|x86.Build.0 = Release (Android)|Any CPU
		{CE015236-0E8D-4042-B596-6E20BD26E56E}.Release|Any CPU.ActiveCfg = Release|Any CPU
		{CE015236-0E8D-4042-B596-6E20BD26E56E}.Release|Any CPU.Build.0 = Release|Any CPU
		{CE015236-0E8D-4042-B596-6E20BD26E56E}.Release|ARM.ActiveCfg = Release|Any CPU
		{CE015236-0E8D-4042-B596-6E20BD26E56E}.Release|ARM.Build.0 = Release|Any CPU
		{CE015236-0E8D-4042-B596-6E20BD26E56E}.Release|x64.ActiveCfg = Release|Any CPU
		{CE015236-0E8D-4042-B596-6E20BD26E56E}.Release|x64.Build.0 = Release|Any CPU
		{CE015236-0E8D-4042-B596-6E20BD26E56E}.Release|x86.ActiveCfg = Release|Any CPU
		{CE015236-0E8D-4042-B596-6E20BD26E56E}.Release|x86.Build.0 = Release|Any CPU
		{10919459-E353-4F0F-86CD-5E92CA2E6745}.Debug (Android)|Any CPU.ActiveCfg = Debug|Any CPU
		{10919459-E353-4F0F-86CD-5E92CA2E6745}.Debug (Android)|Any CPU.Build.0 = Debug|Any CPU
		{10919459-E353-4F0F-86CD-5E92CA2E6745}.Debug (Android)|ARM.ActiveCfg = Debug|Any CPU
		{10919459-E353-4F0F-86CD-5E92CA2E6745}.Debug (Android)|ARM.Build.0 = Debug|Any CPU
		{10919459-E353-4F0F-86CD-5E92CA2E6745}.Debug (Android)|x64.ActiveCfg = Debug|Any CPU
		{10919459-E353-4F0F-86CD-5E92CA2E6745}.Debug (Android)|x64.Build.0 = Debug|Any CPU
		{10919459-E353-4F0F-86CD-5E92CA2E6745}.Debug (Android)|x86.ActiveCfg = Debug|Any CPU
		{10919459-E353-4F0F-86CD-5E92CA2E6745}.Debug (Android)|x86.Build.0 = Debug|Any CPU
		{10919459-E353-4F0F-86CD-5E92CA2E6745}.Debug|Any CPU.ActiveCfg = Debug|Any CPU
		{10919459-E353-4F0F-86CD-5E92CA2E6745}.Debug|Any CPU.Build.0 = Debug|Any CPU
		{10919459-E353-4F0F-86CD-5E92CA2E6745}.Debug|ARM.ActiveCfg = Debug|Any CPU
		{10919459-E353-4F0F-86CD-5E92CA2E6745}.Debug|ARM.Build.0 = Debug|Any CPU
		{10919459-E353-4F0F-86CD-5E92CA2E6745}.Debug|x64.ActiveCfg = Debug|Any CPU
		{10919459-E353-4F0F-86CD-5E92CA2E6745}.Debug|x64.Build.0 = Debug|Any CPU
		{10919459-E353-4F0F-86CD-5E92CA2E6745}.Debug|x86.ActiveCfg = Debug|Any CPU
		{10919459-E353-4F0F-86CD-5E92CA2E6745}.Debug|x86.Build.0 = Debug|Any CPU
		{10919459-E353-4F0F-86CD-5E92CA2E6745}.Release (Android)|Any CPU.ActiveCfg = Release|Any CPU
		{10919459-E353-4F0F-86CD-5E92CA2E6745}.Release (Android)|Any CPU.Build.0 = Release|Any CPU
		{10919459-E353-4F0F-86CD-5E92CA2E6745}.Release (Android)|ARM.ActiveCfg = Release|Any CPU
		{10919459-E353-4F0F-86CD-5E92CA2E6745}.Release (Android)|ARM.Build.0 = Release|Any CPU
		{10919459-E353-4F0F-86CD-5E92CA2E6745}.Release (Android)|x64.ActiveCfg = Release|Any CPU
		{10919459-E353-4F0F-86CD-5E92CA2E6745}.Release (Android)|x64.Build.0 = Release|Any CPU
		{10919459-E353-4F0F-86CD-5E92CA2E6745}.Release (Android)|x86.ActiveCfg = Release|Any CPU
		{10919459-E353-4F0F-86CD-5E92CA2E6745}.Release (Android)|x86.Build.0 = Release|Any CPU
		{10919459-E353-4F0F-86CD-5E92CA2E6745}.Release|Any CPU.ActiveCfg = Release|Any CPU
		{10919459-E353-4F0F-86CD-5E92CA2E6745}.Release|Any CPU.Build.0 = Release|Any CPU
		{10919459-E353-4F0F-86CD-5E92CA2E6745}.Release|ARM.ActiveCfg = Release|Any CPU
		{10919459-E353-4F0F-86CD-5E92CA2E6745}.Release|ARM.Build.0 = Release|Any CPU
		{10919459-E353-4F0F-86CD-5E92CA2E6745}.Release|x64.ActiveCfg = Release|Any CPU
		{10919459-E353-4F0F-86CD-5E92CA2E6745}.Release|x64.Build.0 = Release|Any CPU
		{10919459-E353-4F0F-86CD-5E92CA2E6745}.Release|x86.ActiveCfg = Release|Any CPU
		{10919459-E353-4F0F-86CD-5E92CA2E6745}.Release|x86.Build.0 = Release|Any CPU
		{4A105DE9-FB7D-446F-88B5-01338B38C920}.Debug (Android)|Any CPU.ActiveCfg = Debug|Any CPU
		{4A105DE9-FB7D-446F-88B5-01338B38C920}.Debug (Android)|Any CPU.Build.0 = Debug|Any CPU
		{4A105DE9-FB7D-446F-88B5-01338B38C920}.Debug (Android)|ARM.ActiveCfg = Debug|ARM
		{4A105DE9-FB7D-446F-88B5-01338B38C920}.Debug (Android)|ARM.Build.0 = Debug|ARM
		{4A105DE9-FB7D-446F-88B5-01338B38C920}.Debug (Android)|x64.ActiveCfg = Debug|x64
		{4A105DE9-FB7D-446F-88B5-01338B38C920}.Debug (Android)|x64.Build.0 = Debug|x64
		{4A105DE9-FB7D-446F-88B5-01338B38C920}.Debug (Android)|x86.ActiveCfg = Debug|x86
		{4A105DE9-FB7D-446F-88B5-01338B38C920}.Debug (Android)|x86.Build.0 = Debug|x86
		{4A105DE9-FB7D-446F-88B5-01338B38C920}.Debug|Any CPU.ActiveCfg = Debug|Any CPU
		{4A105DE9-FB7D-446F-88B5-01338B38C920}.Debug|Any CPU.Build.0 = Debug|Any CPU
		{4A105DE9-FB7D-446F-88B5-01338B38C920}.Debug|ARM.ActiveCfg = Debug|ARM
		{4A105DE9-FB7D-446F-88B5-01338B38C920}.Debug|ARM.Build.0 = Debug|ARM
		{4A105DE9-FB7D-446F-88B5-01338B38C920}.Debug|x64.ActiveCfg = Debug|x64
		{4A105DE9-FB7D-446F-88B5-01338B38C920}.Debug|x64.Build.0 = Debug|x64
		{4A105DE9-FB7D-446F-88B5-01338B38C920}.Debug|x86.ActiveCfg = Debug|x86
		{4A105DE9-FB7D-446F-88B5-01338B38C920}.Debug|x86.Build.0 = Debug|x86
		{4A105DE9-FB7D-446F-88B5-01338B38C920}.Release (Android)|Any CPU.ActiveCfg = Release|Any CPU
		{4A105DE9-FB7D-446F-88B5-01338B38C920}.Release (Android)|Any CPU.Build.0 = Release|Any CPU
		{4A105DE9-FB7D-446F-88B5-01338B38C920}.Release (Android)|ARM.ActiveCfg = Release|ARM
		{4A105DE9-FB7D-446F-88B5-01338B38C920}.Release (Android)|ARM.Build.0 = Release|ARM
		{4A105DE9-FB7D-446F-88B5-01338B38C920}.Release (Android)|x64.ActiveCfg = Release|x64
		{4A105DE9-FB7D-446F-88B5-01338B38C920}.Release (Android)|x64.Build.0 = Release|x64
		{4A105DE9-FB7D-446F-88B5-01338B38C920}.Release (Android)|x86.ActiveCfg = Release|x86
		{4A105DE9-FB7D-446F-88B5-01338B38C920}.Release (Android)|x86.Build.0 = Release|x86
		{4A105DE9-FB7D-446F-88B5-01338B38C920}.Release|Any CPU.ActiveCfg = Release|Any CPU
		{4A105DE9-FB7D-446F-88B5-01338B38C920}.Release|Any CPU.Build.0 = Release|Any CPU
		{4A105DE9-FB7D-446F-88B5-01338B38C920}.Release|ARM.ActiveCfg = Release|ARM
		{4A105DE9-FB7D-446F-88B5-01338B38C920}.Release|ARM.Build.0 = Release|ARM
		{4A105DE9-FB7D-446F-88B5-01338B38C920}.Release|x64.ActiveCfg = Release|x64
		{4A105DE9-FB7D-446F-88B5-01338B38C920}.Release|x64.Build.0 = Release|x64
		{4A105DE9-FB7D-446F-88B5-01338B38C920}.Release|x86.ActiveCfg = Release|x86
		{4A105DE9-FB7D-446F-88B5-01338B38C920}.Release|x86.Build.0 = Release|x86
		{B04E5040-2DBB-4D91-A5C8-FA21841D6372}.Debug (Android)|Any CPU.ActiveCfg = Debug|Any CPU
		{B04E5040-2DBB-4D91-A5C8-FA21841D6372}.Debug (Android)|Any CPU.Build.0 = Debug|Any CPU
		{B04E5040-2DBB-4D91-A5C8-FA21841D6372}.Debug (Android)|ARM.ActiveCfg = Debug|ARM
		{B04E5040-2DBB-4D91-A5C8-FA21841D6372}.Debug (Android)|ARM.Build.0 = Debug|ARM
		{B04E5040-2DBB-4D91-A5C8-FA21841D6372}.Debug (Android)|x64.ActiveCfg = Debug|x64
		{B04E5040-2DBB-4D91-A5C8-FA21841D6372}.Debug (Android)|x64.Build.0 = Debug|x64
		{B04E5040-2DBB-4D91-A5C8-FA21841D6372}.Debug (Android)|x86.ActiveCfg = Debug|x86
		{B04E5040-2DBB-4D91-A5C8-FA21841D6372}.Debug (Android)|x86.Build.0 = Debug|x86
		{B04E5040-2DBB-4D91-A5C8-FA21841D6372}.Debug|Any CPU.ActiveCfg = Debug|Any CPU
		{B04E5040-2DBB-4D91-A5C8-FA21841D6372}.Debug|Any CPU.Build.0 = Debug|Any CPU
		{B04E5040-2DBB-4D91-A5C8-FA21841D6372}.Debug|ARM.ActiveCfg = Debug|ARM
		{B04E5040-2DBB-4D91-A5C8-FA21841D6372}.Debug|ARM.Build.0 = Debug|ARM
		{B04E5040-2DBB-4D91-A5C8-FA21841D6372}.Debug|x64.ActiveCfg = Debug|x64
		{B04E5040-2DBB-4D91-A5C8-FA21841D6372}.Debug|x64.Build.0 = Debug|x64
		{B04E5040-2DBB-4D91-A5C8-FA21841D6372}.Debug|x86.ActiveCfg = Debug|x86
		{B04E5040-2DBB-4D91-A5C8-FA21841D6372}.Debug|x86.Build.0 = Debug|x86
		{B04E5040-2DBB-4D91-A5C8-FA21841D6372}.Release (Android)|Any CPU.ActiveCfg = Release|Any CPU
		{B04E5040-2DBB-4D91-A5C8-FA21841D6372}.Release (Android)|Any CPU.Build.0 = Release|Any CPU
		{B04E5040-2DBB-4D91-A5C8-FA21841D6372}.Release (Android)|ARM.ActiveCfg = Release|ARM
		{B04E5040-2DBB-4D91-A5C8-FA21841D6372}.Release (Android)|ARM.Build.0 = Release|ARM
		{B04E5040-2DBB-4D91-A5C8-FA21841D6372}.Release (Android)|x64.ActiveCfg = Release|x64
		{B04E5040-2DBB-4D91-A5C8-FA21841D6372}.Release (Android)|x64.Build.0 = Release|x64
		{B04E5040-2DBB-4D91-A5C8-FA21841D6372}.Release (Android)|x86.ActiveCfg = Release|x86
		{B04E5040-2DBB-4D91-A5C8-FA21841D6372}.Release (Android)|x86.Build.0 = Release|x86
		{B04E5040-2DBB-4D91-A5C8-FA21841D6372}.Release|Any CPU.ActiveCfg = Release|Any CPU
		{B04E5040-2DBB-4D91-A5C8-FA21841D6372}.Release|Any CPU.Build.0 = Release|Any CPU
		{B04E5040-2DBB-4D91-A5C8-FA21841D6372}.Release|ARM.ActiveCfg = Release|ARM
		{B04E5040-2DBB-4D91-A5C8-FA21841D6372}.Release|ARM.Build.0 = Release|ARM
		{B04E5040-2DBB-4D91-A5C8-FA21841D6372}.Release|x64.ActiveCfg = Release|x64
		{B04E5040-2DBB-4D91-A5C8-FA21841D6372}.Release|x64.Build.0 = Release|x64
		{B04E5040-2DBB-4D91-A5C8-FA21841D6372}.Release|x86.ActiveCfg = Release|x86
		{B04E5040-2DBB-4D91-A5C8-FA21841D6372}.Release|x86.Build.0 = Release|x86
	EndGlobalSection
	GlobalSection(SolutionProperties) = preSolution
		HideSolutionNode = FALSE
	EndGlobalSection
	GlobalSection(ExtensibilityGlobals) = postSolution
		SolutionGuid = {D2C845EB-CF1C-46C6-A17B-77EFC3CFCF1C}
	EndGlobalSection
EndGlobal
